
Microsoft Visual Studio Solution File, Format Version 12.00
# Visual Studio 15
VisualStudioVersion = 15.0.27004.2010
MinimumVisualStudioVersion = 10.0.40219.1
Project("{888888A0-9F3D-457C-B088-3A5042F75D52}") = "TAOCP.1.2.1.11", "TAOCP.1.2.1.11\TAOCP.1.2.1.11.pyproj", "{E23949B0-7DF2-4B6E-B1B3-D1746C4B1914}"
EndProject
Global
	GlobalSection(SolutionConfigurationPlatforms) = preSolution
		Debug|Any CPU = Debug|Any CPU
		Release|Any CPU = Release|Any CPU
	EndGlobalSection
	GlobalSection(ProjectConfigurationPlatforms) = postSolution
		{E23949B0-7DF2-4B6E-B1B3-D1746C4B1914}.Debug|Any CPU.ActiveCfg = Debug|Any CPU
		{E23949B0-7DF2-4B6E-B1B3-D1746C4B1914}.Release|Any CPU.ActiveCfg = Release|Any CPU
	EndGlobalSection
	GlobalSection(SolutionProperties) = preSolution
		HideSolutionNode = FALSE
	EndGlobalSection
	GlobalSection(ExtensibilityGlobals) = postSolution
		SolutionGuid = {7EFF686C-8ED3-41C9-9816-8B063856FAE3}
	EndGlobalSection
EndGlobal
